
Microsoft Visual Studio Solution File, Format Version 12.00
# Visual Studio Version 17
VisualStudioVersion = 17.4.33213.308
MinimumVisualStudioVersion = 10.0.40219.1
Project("{9A19103F-16F7-4668-BE54-9A1E7A4F7556}") = "ShoplistAPI", "ShoplistAPI\ShoplistAPI.csproj", "{46F17D14-0892-4AD8-AA63-991F66591828}"
EndProject
Project("{FAE04EC0-301F-11D3-BF4B-00C04F79EFBC}") = "ShoplistAPIxUnitTests", "ShoplistAPIxUnitTests\ShoplistAPIxUnitTests.csproj", "{C8C0B210-D9DC-4BF7-A47F-0AFD6B7AAA40}"
EndProject
Global
	GlobalSection(SolutionConfigurationPlatforms) = preSolution
		Debug|Any CPU = Debug|Any CPU
		Release|Any CPU = Release|Any CPU
	EndGlobalSection
	GlobalSection(ProjectConfigurationPlatforms) = postSolution
		{46F17D14-0892-4AD8-AA63-991F66591828}.Debug|Any CPU.ActiveCfg = Debug|Any CPU
		{46F17D14-0892-4AD8-AA63-991F66591828}.Debug|Any CPU.Build.0 = Debug|Any CPU
		{46F17D14-0892-4AD8-AA63-991F66591828}.Release|Any CPU.ActiveCfg = Release|Any CPU
		{46F17D14-0892-4AD8-AA63-991F66591828}.Release|Any CPU.Build.0 = Release|Any CPU
		{C8C0B210-D9DC-4BF7-A47F-0AFD6B7AAA40}.Debug|Any CPU.ActiveCfg = Debug|Any CPU
		{C8C0B210-D9DC-4BF7-A47F-0AFD6B7AAA40}.Debug|Any CPU.Build.0 = Debug|Any CPU
		{C8C0B210-D9DC-4BF7-A47F-0AFD6B7AAA40}.Release|Any CPU.ActiveCfg = Release|Any CPU
		{C8C0B210-D9DC-4BF7-A47F-0AFD6B7AAA40}.Release|Any CPU.Build.0 = Release|Any CPU
	EndGlobalSection
	GlobalSection(SolutionProperties) = preSolution
		HideSolutionNode = FALSE
	EndGlobalSection
	GlobalSection(ExtensibilityGlobals) = postSolution
		SolutionGuid = {8B30A12E-D192-4EAF-8DA7-EFAEB76685A9}
	EndGlobalSection
EndGlobal
